
Microsoft Visual Studio Solution File, Format Version 12.00
# Visual Studio 15
VisualStudioVersion = 15.0.27428.2027
MinimumVisualStudioVersion = 10.0.40219.1
Project("{FAE04EC0-301F-11D3-BF4B-00C04F79EFBC}") = "GeometryApi", "GeometryApi\GeometryApi.csproj", "{B0EBFD4D-9B6A-412B-8C64-B510CB6EC4D3}"
EndProject
Global
	GlobalSection(SolutionConfigurationPlatforms) = preSolution
		Debug|Any CPU = Debug|Any CPU
		Release|Any CPU = Release|Any CPU
	EndGlobalSection
	GlobalSection(ProjectConfigurationPlatforms) = postSolution
		{B0EBFD4D-9B6A-412B-8C64-B510CB6EC4D3}.Debug|Any CPU.ActiveCfg = Debug|Any CPU
		{B0EBFD4D-9B6A-412B-8C64-B510CB6EC4D3}.Debug|Any CPU.Build.0 = Debug|Any CPU
		{B0EBFD4D-9B6A-412B-8C64-B510CB6EC4D3}.Release|Any CPU.ActiveCfg = Release|Any CPU
		{B0EBFD4D-9B6A-412B-8C64-B510CB6EC4D3}.Release|Any CPU.Build.0 = Release|Any CPU
	EndGlobalSection
	GlobalSection(SolutionProperties) = preSolution
		HideSolutionNode = FALSE
	EndGlobalSection
	GlobalSection(ExtensibilityGlobals) = postSolution
		SolutionGuid = {394B16EC-ABF2-439D-9CF6-5289DC7C38AF}
	EndGlobalSection
EndGlobal
